
Microsoft Visual Studio Solution File, Format Version 12.00
# Visual Studio 15
VisualStudioVersion = 15.0.26730.10
MinimumVisualStudioVersion = 10.0.40219.1
Project("{FAE04EC0-301F-11D3-BF4B-00C04F79EFBC}") = "TreeXml", "TreeXml\TreeXml.csproj", "{025A6E5C-5CD2-4C47-B192-FBEDE0C4639F}"
EndProject
Project("{FAE04EC0-301F-11D3-BF4B-00C04F79EFBC}") = "TestsForTree", "TestsForTree\TestsForTree.csproj", "{B3870686-56C5-4180-A4C5-94B52B5EAB01}"
EndProject
Project("{FAE04EC0-301F-11D3-BF4B-00C04F79EFBC}") = "TreeXmlLibrary", "TreeXmlLibrary\TreeXmlLibrary.csproj", "{FEA42CC4-C991-418E-BC37-2EB94AFDBF2C}"
EndProject
Project("{FAE04EC0-301F-11D3-BF4B-00C04F79EFBC}") = "DatabaseLibrary", "DatabaseLibrary\DatabaseLibrary.csproj", "{9D95DF29-9F97-4E70-A57D-3155796BFC4D}"
EndProject
Project("{FAE04EC0-301F-11D3-BF4B-00C04F79EFBC}") = "TreeWPF", "TreeWPF\TreeWPF.csproj", "{788E0CFD-0655-4051-A25E-943A981A8409}"
EndProject
Global
	GlobalSection(SolutionConfigurationPlatforms) = preSolution
		Debug|Any CPU = Debug|Any CPU
		Release|Any CPU = Release|Any CPU
	EndGlobalSection
	GlobalSection(ProjectConfigurationPlatforms) = postSolution
		{025A6E5C-5CD2-4C47-B192-FBEDE0C4639F}.Debug|Any CPU.ActiveCfg = Debug|Any CPU
		{025A6E5C-5CD2-4C47-B192-FBEDE0C4639F}.Debug|Any CPU.Build.0 = Debug|Any CPU
		{025A6E5C-5CD2-4C47-B192-FBEDE0C4639F}.Release|Any CPU.ActiveCfg = Release|Any CPU
		{025A6E5C-5CD2-4C47-B192-FBEDE0C4639F}.Release|Any CPU.Build.0 = Release|Any CPU
		{B3870686-56C5-4180-A4C5-94B52B5EAB01}.Debug|Any CPU.ActiveCfg = Debug|Any CPU
		{B3870686-56C5-4180-A4C5-94B52B5EAB01}.Debug|Any CPU.Build.0 = Debug|Any CPU
		{B3870686-56C5-4180-A4C5-94B52B5EAB01}.Release|Any CPU.ActiveCfg = Release|Any CPU
		{B3870686-56C5-4180-A4C5-94B52B5EAB01}.Release|Any CPU.Build.0 = Release|Any CPU
		{FEA42CC4-C991-418E-BC37-2EB94AFDBF2C}.Debug|Any CPU.ActiveCfg = Debug|Any CPU
		{FEA42CC4-C991-418E-BC37-2EB94AFDBF2C}.Debug|Any CPU.Build.0 = Debug|Any CPU
		{FEA42CC4-C991-418E-BC37-2EB94AFDBF2C}.Release|Any CPU.ActiveCfg = Release|Any CPU
		{FEA42CC4-C991-418E-BC37-2EB94AFDBF2C}.Release|Any CPU.Build.0 = Release|Any CPU
		{9D95DF29-9F97-4E70-A57D-3155796BFC4D}.Debug|Any CPU.ActiveCfg = Debug|Any CPU
		{9D95DF29-9F97-4E70-A57D-3155796BFC4D}.Debug|Any CPU.Build.0 = Debug|Any CPU
		{9D95DF29-9F97-4E70-A57D-3155796BFC4D}.Release|Any CPU.ActiveCfg = Release|Any CPU
		{9D95DF29-9F97-4E70-A57D-3155796BFC4D}.Release|Any CPU.Build.0 = Release|Any CPU
		{788E0CFD-0655-4051-A25E-943A981A8409}.Debug|Any CPU.ActiveCfg = Debug|Any CPU
		{788E0CFD-0655-4051-A25E-943A981A8409}.Debug|Any CPU.Build.0 = Debug|Any CPU
		{788E0CFD-0655-4051-A25E-943A981A8409}.Release|Any CPU.ActiveCfg = Release|Any CPU
		{788E0CFD-0655-4051-A25E-943A981A8409}.Release|Any CPU.Build.0 = Release|Any CPU
	EndGlobalSection
	GlobalSection(SolutionProperties) = preSolution
		HideSolutionNode = FALSE
	EndGlobalSection
	GlobalSection(ExtensibilityGlobals) = postSolution
		SolutionGuid = {7A5AE315-4CC3-4D85-9629-777B173BB483}
	EndGlobalSection
	GlobalSection(TeamFoundationVersionControl) = preSolution
		SccNumberOfProjects = 6
		SccEnterpriseProvider = {4CA58AB2-18FA-4F8D-95D4-32DDF27D184C}
		SccTeamFoundationServer = http://dev-tfs.kharkov.dbbest.com:8080/tfs/studentprojects
		SccLocalPath0 = .
		SccProjectUniqueName1 = TestsForTree\\TestsForTree.csproj
		SccProjectName1 = TestsForTree
		SccLocalPath1 = TestsForTree
		SccProjectUniqueName2 = TreeXml\\TreeXml.csproj
		SccProjectName2 = TreeXml
		SccLocalPath2 = TreeXml
		SccProjectUniqueName3 = TreeXmlLibrary\\TreeXmlLibrary.csproj
		SccProjectName3 = TreeXmlLibrary
		SccLocalPath3 = TreeXmlLibrary
		SccProjectUniqueName4 = DatabaseLibrary\\DatabaseLibrary.csproj
		SccProjectName4 = DatabaseLibrary
		SccLocalPath4 = DatabaseLibrary
		SccProjectUniqueName5 = TreeWPF\\TreeWPF.csproj
		SccProjectName5 = TreeWPF
		SccLocalPath5 = TreeWPF
	EndGlobalSection
EndGlobal
